
Microsoft Visual Studio Solution File, Format Version 12.00
# Visual Studio Version 17
VisualStudioVersion = 17.3.32901.215
MinimumVisualStudioVersion = 10.0.40219.1
Project("{FAE04EC0-301F-11D3-BF4B-00C04F79EFBC}") = "labzwei", "labzwei\labzwei.csproj", "{3AC8E6C6-D5D7-41BD-9701-159032CF1ADF}"
EndProject
Global
	GlobalSection(SolutionConfigurationPlatforms) = preSolution
		Debug|Any CPU = Debug|Any CPU
		Release|Any CPU = Release|Any CPU
	EndGlobalSection
	GlobalSection(ProjectConfigurationPlatforms) = postSolution
		{3AC8E6C6-D5D7-41BD-9701-159032CF1ADF}.Debug|Any CPU.ActiveCfg = Debug|Any CPU
		{3AC8E6C6-D5D7-41BD-9701-159032CF1ADF}.Debug|Any CPU.Build.0 = Debug|Any CPU
		{3AC8E6C6-D5D7-41BD-9701-159032CF1ADF}.Release|Any CPU.ActiveCfg = Release|Any CPU
		{3AC8E6C6-D5D7-41BD-9701-159032CF1ADF}.Release|Any CPU.Build.0 = Release|Any CPU
	EndGlobalSection
	GlobalSection(SolutionProperties) = preSolution
		HideSolutionNode = FALSE
	EndGlobalSection
	GlobalSection(ExtensibilityGlobals) = postSolution
		SolutionGuid = {2FDFE68C-17B0-4468-B443-E23EE57D79E0}
	EndGlobalSection
EndGlobal
